
Microsoft Visual Studio Solution File, Format Version 12.00
# Visual Studio 15
VisualStudioVersion = 15.0.28307.539
MinimumVisualStudioVersion = 10.0.40219.1
Project("{FAE04EC0-301F-11D3-BF4B-00C04F79EFBC}") = "StationeryStore", "StationeryStore\StationeryStore.csproj", "{FFBA514E-2401-49AE-BC7B-2858BE5D17C3}"
EndProject
Global
	GlobalSection(SolutionConfigurationPlatforms) = preSolution
		Debug|Any CPU = Debug|Any CPU
		Release|Any CPU = Release|Any CPU
	EndGlobalSection
	GlobalSection(ProjectConfigurationPlatforms) = postSolution
		{FFBA514E-2401-49AE-BC7B-2858BE5D17C3}.Debug|Any CPU.ActiveCfg = Debug|Any CPU
		{FFBA514E-2401-49AE-BC7B-2858BE5D17C3}.Debug|Any CPU.Build.0 = Debug|Any CPU
		{FFBA514E-2401-49AE-BC7B-2858BE5D17C3}.Release|Any CPU.ActiveCfg = Release|Any CPU
		{FFBA514E-2401-49AE-BC7B-2858BE5D17C3}.Release|Any CPU.Build.0 = Release|Any CPU
	EndGlobalSection
	GlobalSection(SolutionProperties) = preSolution
		HideSolutionNode = FALSE
	EndGlobalSection
	GlobalSection(ExtensibilityGlobals) = postSolution
		SolutionGuid = {DB875057-17BB-409A-99A3-36CD002C0978}
	EndGlobalSection
EndGlobal
